
Microsoft Visual Studio Solution File, Format Version 12.00
# Visual Studio Version 17
VisualStudioVersion = 17.0.31919.166
MinimumVisualStudioVersion = 10.0.40219.1
Project("{FAE04EC0-301F-11D3-BF4B-00C04F79EFBC}") = "MVCAppCoderFoundry", "MVCAppCoderFoundry\MVCAppCoderFoundry.csproj", "{5AF897A2-E4D4-46D4-A864-1184C432BA71}"
EndProject
Global
	GlobalSection(SolutionConfigurationPlatforms) = preSolution
		Debug|Any CPU = Debug|Any CPU
		Release|Any CPU = Release|Any CPU
	EndGlobalSection
	GlobalSection(ProjectConfigurationPlatforms) = postSolution
		{5AF897A2-E4D4-46D4-A864-1184C432BA71}.Debug|Any CPU.ActiveCfg = Debug|Any CPU
		{5AF897A2-E4D4-46D4-A864-1184C432BA71}.Debug|Any CPU.Build.0 = Debug|Any CPU
		{5AF897A2-E4D4-46D4-A864-1184C432BA71}.Release|Any CPU.ActiveCfg = Release|Any CPU
		{5AF897A2-E4D4-46D4-A864-1184C432BA71}.Release|Any CPU.Build.0 = Release|Any CPU
	EndGlobalSection
	GlobalSection(SolutionProperties) = preSolution
		HideSolutionNode = FALSE
	EndGlobalSection
	GlobalSection(ExtensibilityGlobals) = postSolution
		SolutionGuid = {BE4E8E3A-4D66-4725-A0FC-F6FE98BF529F}
	EndGlobalSection
EndGlobal
